
Microsoft Visual Studio Solution File, Format Version 12.00
# Visual Studio Version 16
VisualStudioVersion = 16.0.28803.202
MinimumVisualStudioVersion = 10.0.40219.1
Project("{9A19103F-16F7-4668-BE54-9A1E7A4F7556}") = "SQS.Listener.Lambda", "SQS.Listener.Lambda\SQS.Listener.Lambda.csproj", "{692781D8-1783-48BB-AC76-2EED2F64A678}"
EndProject
Project("{9A19103F-16F7-4668-BE54-9A1E7A4F7556}") = "SQS.Listener.Lambda.Tests", "SQS.Listener.Lambda.Tests\SQS.Listener.Lambda.Tests.csproj", "{DCF3AA5C-EAEB-414A-9ED8-A5BE566F3E2A}"
EndProject
Global
	GlobalSection(SolutionConfigurationPlatforms) = preSolution
		Debug|Any CPU = Debug|Any CPU
		Release|Any CPU = Release|Any CPU
	EndGlobalSection
	GlobalSection(ProjectConfigurationPlatforms) = postSolution
		{692781D8-1783-48BB-AC76-2EED2F64A678}.Debug|Any CPU.ActiveCfg = Debug|Any CPU
		{692781D8-1783-48BB-AC76-2EED2F64A678}.Debug|Any CPU.Build.0 = Debug|Any CPU
		{692781D8-1783-48BB-AC76-2EED2F64A678}.Release|Any CPU.ActiveCfg = Release|Any CPU
		{692781D8-1783-48BB-AC76-2EED2F64A678}.Release|Any CPU.Build.0 = Release|Any CPU
		{DCF3AA5C-EAEB-414A-9ED8-A5BE566F3E2A}.Debug|Any CPU.ActiveCfg = Debug|Any CPU
		{DCF3AA5C-EAEB-414A-9ED8-A5BE566F3E2A}.Debug|Any CPU.Build.0 = Debug|Any CPU
		{DCF3AA5C-EAEB-414A-9ED8-A5BE566F3E2A}.Release|Any CPU.ActiveCfg = Release|Any CPU
		{DCF3AA5C-EAEB-414A-9ED8-A5BE566F3E2A}.Release|Any CPU.Build.0 = Release|Any CPU
	EndGlobalSection
	GlobalSection(SolutionProperties) = preSolution
		HideSolutionNode = FALSE
	EndGlobalSection
	GlobalSection(ExtensibilityGlobals) = postSolution
		SolutionGuid = {02ED5D3D-264E-4F86-91BC-F654A4CD466C}
	EndGlobalSection
EndGlobal
